
Microsoft Visual Studio Solution File, Format Version 12.00
# Visual Studio 15
VisualStudioVersion = 15.0.28307.572
MinimumVisualStudioVersion = 10.0.40219.1
Project("{FAE04EC0-301F-11D3-BF4B-00C04F79EFBC}") = "NetCoreApi", "NetCoreApi\NetCoreApi.csproj", "{41F8BF64-FA86-4352-B0DE-F6F4B13904C5}"
EndProject
Global
	GlobalSection(SolutionConfigurationPlatforms) = preSolution
		Debug|Any CPU = Debug|Any CPU
		Release|Any CPU = Release|Any CPU
	EndGlobalSection
	GlobalSection(ProjectConfigurationPlatforms) = postSolution
		{41F8BF64-FA86-4352-B0DE-F6F4B13904C5}.Debug|Any CPU.ActiveCfg = Debug|Any CPU
		{41F8BF64-FA86-4352-B0DE-F6F4B13904C5}.Debug|Any CPU.Build.0 = Debug|Any CPU
		{41F8BF64-FA86-4352-B0DE-F6F4B13904C5}.Release|Any CPU.ActiveCfg = Release|Any CPU
		{41F8BF64-FA86-4352-B0DE-F6F4B13904C5}.Release|Any CPU.Build.0 = Release|Any CPU
	EndGlobalSection
	GlobalSection(SolutionProperties) = preSolution
		HideSolutionNode = FALSE
	EndGlobalSection
	GlobalSection(ExtensibilityGlobals) = postSolution
		SolutionGuid = {7CF8C857-3A1E-43E4-B5E6-99FFC8B5CC8B}
	EndGlobalSection
EndGlobal
